// !$*UTF8*$!
{
	archiveVersion = 1;
	classes = {
	};
	objectVersion = 46;
	objects = {

/* Begin PBXBuildFile section */
		71258EF21DF1E135002E0D8A /* AppDelegate.swift in Sources */ = {isa = PBXBuildFile; fileRef = 71258EF11DF1E135002E0D8A /* AppDelegate.swift */; };
		71258EF91DF1E135002E0D8A /* Assets.xcassets in Resources */ = {isa = PBXBuildFile; fileRef = 71258EF81DF1E135002E0D8A /* Assets.xcassets */; };
		71258EFC1DF1E135002E0D8A /* LaunchScreen.storyboard in Resources */ = {isa = PBXBuildFile; fileRef = 71258EFA1DF1E135002E0D8A /* LaunchScreen.storyboard */; };
		71258F071DF1E135002E0D8A /* CountryViewerTests.swift in Sources */ = {isa = PBXBuildFile; fileRef = 71258F061DF1E135002E0D8A /* CountryViewerTests.swift */; };
		71258F251DF1E42D002E0D8A /* CountriesViewController.swift in Sources */ = {isa = PBXBuildFile; fileRef = 71258F241DF1E42D002E0D8A /* CountriesViewController.swift */; };
		71258F271DF1E454002E0D8A /* CountriesViewModel.swift in Sources */ = {isa = PBXBuildFile; fileRef = 71258F261DF1E454002E0D8A /* CountriesViewModel.swift */; };
		71258F291DF1E461002E0D8A /* CountryViewModel.swift in Sources */ = {isa = PBXBuildFile; fileRef = 71258F281DF1E461002E0D8A /* CountryViewModel.swift */; };
		71258F2C1DF1E4CD002E0D8A /* CountryTableViewCell.swift in Sources */ = {isa = PBXBuildFile; fileRef = 71258F2B1DF1E4CD002E0D8A /* CountryTableViewCell.swift */; };
		71258F301DF1E519002E0D8A /* JsonInitiable.swift in Sources */ = {isa = PBXBuildFile; fileRef = 71258F2F1DF1E519002E0D8A /* JsonInitiable.swift */; };
		71258F321DF1E53B002E0D8A /* Typealiases.swift in Sources */ = {isa = PBXBuildFile; fileRef = 71258F311DF1E53B002E0D8A /* Typealiases.swift */; };
		71258F341DF1E54A002E0D8A /* Result.swift in Sources */ = {isa = PBXBuildFile; fileRef = 71258F331DF1E54A002E0D8A /* Result.swift */; };
		71258F361DF1E55E002E0D8A /* Style.swift in Sources */ = {isa = PBXBuildFile; fileRef = 71258F351DF1E55E002E0D8A /* Style.swift */; };
		71258F381DF1E583002E0D8A /* Router.swift in Sources */ = {isa = PBXBuildFile; fileRef = 71258F371DF1E583002E0D8A /* Router.swift */; };
		71258F3A1DF1E595002E0D8A /* Constants.swift in Sources */ = {isa = PBXBuildFile; fileRef = 71258F391DF1E595002E0D8A /* Constants.swift */; };
		71258F3C1DF1E5A5002E0D8A /* CustomError.swift in Sources */ = {isa = PBXBuildFile; fileRef = 71258F3B1DF1E5A5002E0D8A /* CustomError.swift */; };
		71258F3E1DF1E5B3002E0D8A /* Extensions.swift in Sources */ = {isa = PBXBuildFile; fileRef = 71258F3D1DF1E5B3002E0D8A /* Extensions.swift */; };
		71258F401DF1E8CD002E0D8A /* CountriesService.swift in Sources */ = {isa = PBXBuildFile; fileRef = 71258F3F1DF1E8CD002E0D8A /* CountriesService.swift */; };
		71258F441DF1EA32002E0D8A /* TestCase.swift in Sources */ = {isa = PBXBuildFile; fileRef = 71258F431DF1EA32002E0D8A /* TestCase.swift */; };
		71258F471DF1EAA1002E0D8A /* FakeCountriesService.swift in Sources */ = {isa = PBXBuildFile; fileRef = 71258F461DF1EAA1002E0D8A /* FakeCountriesService.swift */; };
		71258F491DF1EAFC002E0D8A /* CountriesVewModelTests.swift in Sources */ = {isa = PBXBuildFile; fileRef = 71258F481DF1EAFC002E0D8A /* CountriesVewModelTests.swift */; };
		71258F4B1DF1EB2E002E0D8A /* CountriesViewControllerTests.swift in Sources */ = {isa = PBXBuildFile; fileRef = 71258F4A1DF1EB2E002E0D8A /* CountriesViewControllerTests.swift */; };
		71258F4D1DF1EB4D002E0D8A /* CountryViewModelTests.swift in Sources */ = {isa = PBXBuildFile; fileRef = 71258F4C1DF1EB4D002E0D8A /* CountryViewModelTests.swift */; };
		71258F4F1DF1EB64002E0D8A /* cam.json in Resources */ = {isa = PBXBuildFile; fileRef = 71258F4E1DF1EB64002E0D8A /* cam.json */; };
		71258F511DF1EB71002E0D8A /* germany.json in Resources */ = {isa = PBXBuildFile; fileRef = 71258F501DF1EB71002E0D8A /* germany.json */; };
		71258F531DF1EB7A002E0D8A /* usa.json in Resources */ = {isa = PBXBuildFile; fileRef = 71258F521DF1EB7A002E0D8A /* usa.json */; };
		71EA0B521E1B2717001B33C6 /* ReachabilityProvider.swift in Sources */ = {isa = PBXBuildFile; fileRef = 71EA0B511E1B2717001B33C6 /* ReachabilityProvider.swift */; };
		71EA0B551E1B2768001B33C6 /* CountryViewer.xcdatamodeld in Sources */ = {isa = PBXBuildFile; fileRef = 71EA0B531E1B2768001B33C6 /* CountryViewer.xcdatamodeld */; };
		71EA0B581E1B27A3001B33C6 /* PersistenceStack.swift in Sources */ = {isa = PBXBuildFile; fileRef = 71EA0B571E1B27A3001B33C6 /* PersistenceStack.swift */; };
		71EA0B5A1E1BB022001B33C6 /* Manageable.swift in Sources */ = {isa = PBXBuildFile; fileRef = 71EA0B591E1BB022001B33C6 /* Manageable.swift */; };
		71EA0B5C1E1BB17C001B33C6 /* PersistenceManager.swift in Sources */ = {isa = PBXBuildFile; fileRef = 71EA0B5B1E1BB17C001B33C6 /* PersistenceManager.swift */; };
		71EA0B5E1E1BB1DB001B33C6 /* RequestBuilder.swift in Sources */ = {isa = PBXBuildFile; fileRef = 71EA0B5D1E1BB1DB001B33C6 /* RequestBuilder.swift */; };
		71EA0B601E1BB313001B33C6 /* PersisteceManagerSingletonWrapper.swift in Sources */ = {isa = PBXBuildFile; fileRef = 71EA0B5F1E1BB313001B33C6 /* PersisteceManagerSingletonWrapper.swift */; };
		71EA0B651E1BB585001B33C6 /* CountryMO+CoreDataClass.swift in Sources */ = {isa = PBXBuildFile; fileRef = 71EA0B611E1BB585001B33C6 /* CountryMO+CoreDataClass.swift */; };
		71EA0B661E1BB585001B33C6 /* CountryMO+CoreDataProperties.swift in Sources */ = {isa = PBXBuildFile; fileRef = 71EA0B621E1BB585001B33C6 /* CountryMO+CoreDataProperties.swift */; };
		71EA0B671E1BB585001B33C6 /* DomainMO+CoreDataClass.swift in Sources */ = {isa = PBXBuildFile; fileRef = 71EA0B631E1BB585001B33C6 /* DomainMO+CoreDataClass.swift */; };
		71EA0B681E1BB585001B33C6 /* DomainMO+CoreDataProperties.swift in Sources */ = {isa = PBXBuildFile; fileRef = 71EA0B641E1BB585001B33C6 /* DomainMO+CoreDataProperties.swift */; };
		71EA0B6B1E1BB776001B33C6 /* CountriesProvider.swift in Sources */ = {isa = PBXBuildFile; fileRef = 71EA0B6A1E1BB776001B33C6 /* CountriesProvider.swift */; };
		AFCB2E491D4C4C7DC00E40D3 /* Pods_CountryViewer.framework in Frameworks */ = {isa = PBXBuildFile; fileRef = 522FE21061AC8D1B5D30D7B5 /* Pods_CountryViewer.framework */; };
		E13056A65DCA95133099B129 /* Pods_CountryViewer_CountryViewerTests.framework in Frameworks */ = {isa = PBXBuildFile; fileRef = 26DEBC6A830F5C4507C1683A /* Pods_CountryViewer_CountryViewerTests.framework */; };
/* End PBXBuildFile section */

/* Begin PBXContainerItemProxy section */
		71258F031DF1E135002E0D8A /* PBXContainerItemProxy */ = {
			isa = PBXContainerItemProxy;
			containerPortal = 71258EE61DF1E135002E0D8A /* Project object */;
			proxyType = 1;
			remoteGlobalIDString = 71258EED1DF1E135002E0D8A;
			remoteInfo = CountryViewer;
		};
/* End PBXContainerItemProxy section */

/* Begin PBXFileReference section */
		067C6F3ACE7E931EFD70A11E /* Pods-CountryViewer-CountryViewerUITests.debug.xcconfig */ = {isa = PBXFileReference; includeInIndex = 1; lastKnownFileType = text.xcconfig; name = "Pods-CountryViewer-CountryViewerUITests.debug.xcconfig"; path = "Pods/Target Support Files/Pods-CountryViewer-CountryViewerUITests/Pods-CountryViewer-CountryViewerUITests.debug.xcconfig"; sourceTree = "<group>"; };
		26DEBC6A830F5C4507C1683A /* Pods_CountryViewer_CountryViewerTests.framework */ = {isa = PBXFileReference; explicitFileType = wrapper.framework; includeInIndex = 0; path = Pods_CountryViewer_CountryViewerTests.framework; sourceTree = BUILT_PRODUCTS_DIR; };
		29236DD8B6123F805EB315E1 /* Pods-CountryViewer-CountryViewerTests.debug.xcconfig */ = {isa = PBXFileReference; includeInIndex = 1; lastKnownFileType = text.xcconfig; name = "Pods-CountryViewer-CountryViewerTests.debug.xcconfig"; path = "Pods/Target Support Files/Pods-CountryViewer-CountryViewerTests/Pods-CountryViewer-CountryViewerTests.debug.xcconfig"; sourceTree = "<group>"; };
		522FE21061AC8D1B5D30D7B5 /* Pods_CountryViewer.framework */ = {isa = PBXFileReference; explicitFileType = wrapper.framework; includeInIndex = 0; path = Pods_CountryViewer.framework; sourceTree = BUILT_PRODUCTS_DIR; };
		5B129EBD32DACBD0CA534C49 /* Pods-CountryViewer.release.xcconfig */ = {isa = PBXFileReference; includeInIndex = 1; lastKnownFileType = text.xcconfig; name = "Pods-CountryViewer.release.xcconfig"; path = "Pods/Target Support Files/Pods-CountryViewer/Pods-CountryViewer.release.xcconfig"; sourceTree = "<group>"; };
		62A7A3C4FDBF33851511CC9D /* Pods-CountryViewer-CountryViewerTests.release.xcconfig */ = {isa = PBXFileReference; includeInIndex = 1; lastKnownFileType = text.xcconfig; name = "Pods-CountryViewer-CountryViewerTests.release.xcconfig"; path = "Pods/Target Support Files/Pods-CountryViewer-CountryViewerTests/Pods-CountryViewer-CountryViewerTests.release.xcconfig"; sourceTree = "<group>"; };
		71258EEE1DF1E135002E0D8A /* CountryViewer.app */ = {isa = PBXFileReference; explicitFileType = wrapper.application; includeInIndex = 0; path = CountryViewer.app; sourceTree = BUILT_PRODUCTS_DIR; };
		71258EF11DF1E135002E0D8A /* AppDelegate.swift */ = {isa = PBXFileReference; lastKnownFileType = sourcecode.swift; path = AppDelegate.swift; sourceTree = "<group>"; };
		71258EF81DF1E135002E0D8A /* Assets.xcassets */ = {isa = PBXFileReference; lastKnownFileType = folder.assetcatalog; path = Assets.xcassets; sourceTree = "<group>"; };
		71258EFB1DF1E135002E0D8A /* Base */ = {isa = PBXFileReference; lastKnownFileType = file.storyboard; name = Base; path = Base.lproj/LaunchScreen.storyboard; sourceTree = "<group>"; };
		71258EFD1DF1E135002E0D8A /* Info.plist */ = {isa = PBXFileReference; lastKnownFileType = text.plist.xml; path = Info.plist; sourceTree = "<group>"; };
		71258F021DF1E135002E0D8A /* CountryViewerTests.xctest */ = {isa = PBXFileReference; explicitFileType = wrapper.cfbundle; includeInIndex = 0; path = CountryViewerTests.xctest; sourceTree = BUILT_PRODUCTS_DIR; };
		71258F061DF1E135002E0D8A /* CountryViewerTests.swift */ = {isa = PBXFileReference; lastKnownFileType = sourcecode.swift; path = CountryViewerTests.swift; sourceTree = "<group>"; };
		71258F081DF1E135002E0D8A /* Info.plist */ = {isa = PBXFileReference; lastKnownFileType = text.plist.xml; path = Info.plist; sourceTree = "<group>"; };
		71258F241DF1E42D002E0D8A /* CountriesViewController.swift */ = {isa = PBXFileReference; fileEncoding = 4; lastKnownFileType = sourcecode.swift; path = CountriesViewController.swift; sourceTree = "<group>"; };
		71258F261DF1E454002E0D8A /* CountriesViewModel.swift */ = {isa = PBXFileReference; fileEncoding = 4; lastKnownFileType = sourcecode.swift; path = CountriesViewModel.swift; sourceTree = "<group>"; };
		71258F281DF1E461002E0D8A /* CountryViewModel.swift */ = {isa = PBXFileReference; fileEncoding = 4; lastKnownFileType = sourcecode.swift; path = CountryViewModel.swift; sourceTree = "<group>"; };
		71258F2B1DF1E4CD002E0D8A /* CountryTableViewCell.swift */ = {isa = PBXFileReference; fileEncoding = 4; lastKnownFileType = sourcecode.swift; path = CountryTableViewCell.swift; sourceTree = "<group>"; };
		71258F2F1DF1E519002E0D8A /* JsonInitiable.swift */ = {isa = PBXFileReference; fileEncoding = 4; lastKnownFileType = sourcecode.swift; path = JsonInitiable.swift; sourceTree = "<group>"; };
		71258F311DF1E53B002E0D8A /* Typealiases.swift */ = {isa = PBXFileReference; fileEncoding = 4; lastKnownFileType = sourcecode.swift; path = Typealiases.swift; sourceTree = "<group>"; };
		71258F331DF1E54A002E0D8A /* Result.swift */ = {isa = PBXFileReference; fileEncoding = 4; lastKnownFileType = sourcecode.swift; path = Result.swift; sourceTree = "<group>"; };
		71258F351DF1E55E002E0D8A /* Style.swift */ = {isa = PBXFileReference; fileEncoding = 4; lastKnownFileType = sourcecode.swift; path = Style.swift; sourceTree = "<group>"; };
		71258F371DF1E583002E0D8A /* Router.swift */ = {isa = PBXFileReference; fileEncoding = 4; lastKnownFileType = sourcecode.swift; path = Router.swift; sourceTree = "<group>"; };
		71258F391DF1E595002E0D8A /* Constants.swift */ = {isa = PBXFileReference; fileEncoding = 4; lastKnownFileType = sourcecode.swift; path = Constants.swift; sourceTree = "<group>"; };
		71258F3B1DF1E5A5002E0D8A /* CustomError.swift */ = {isa = PBXFileReference; fileEncoding = 4; lastKnownFileType = sourcecode.swift; path = CustomError.swift; sourceTree = "<group>"; };
		71258F3D1DF1E5B3002E0D8A /* Extensions.swift */ = {isa = PBXFileReference; fileEncoding = 4; lastKnownFileType = sourcecode.swift; path = Extensions.swift; sourceTree = "<group>"; };
		71258F3F1DF1E8CD002E0D8A /* CountriesService.swift */ = {isa = PBXFileReference; fileEncoding = 4; lastKnownFileType = sourcecode.swift; path = CountriesService.swift; sourceTree = "<group>"; };
		71258F431DF1EA32002E0D8A /* TestCase.swift */ = {isa = PBXFileReference; fileEncoding = 4; lastKnownFileType = sourcecode.swift; path = TestCase.swift; sourceTree = "<group>"; };
		71258F461DF1EAA1002E0D8A /* FakeCountriesService.swift */ = {isa = PBXFileReference; fileEncoding = 4; lastKnownFileType = sourcecode.swift; path = FakeCountriesService.swift; sourceTree = "<group>"; };
		71258F481DF1EAFC002E0D8A /* CountriesVewModelTests.swift */ = {isa = PBXFileReference; fileEncoding = 4; lastKnownFileType = sourcecode.swift; path = CountriesVewModelTests.swift; sourceTree = "<group>"; };
		71258F4A1DF1EB2E002E0D8A /* CountriesViewControllerTests.swift */ = {isa = PBXFileReference; fileEncoding = 4; lastKnownFileType = sourcecode.swift; path = CountriesViewControllerTests.swift; sourceTree = "<group>"; };
		71258F4C1DF1EB4D002E0D8A /* CountryViewModelTests.swift */ = {isa = PBXFileReference; fileEncoding = 4; lastKnownFileType = sourcecode.swift; path = CountryViewModelTests.swift; sourceTree = "<group>"; };
		71258F4E1DF1EB64002E0D8A /* cam.json */ = {isa = PBXFileReference; fileEncoding = 4; lastKnownFileType = text.json; path = cam.json; sourceTree = "<group>"; };
		71258F501DF1EB71002E0D8A /* germany.json */ = {isa = PBXFileReference; fileEncoding = 4; lastKnownFileType = text.json; path = germany.json; sourceTree = "<group>"; };
		71258F521DF1EB7A002E0D8A /* usa.json */ = {isa = PBXFileReference; fileEncoding = 4; lastKnownFileType = text.json; path = usa.json; sourceTree = "<group>"; };
		71EA0B511E1B2717001B33C6 /* ReachabilityProvider.swift */ = {isa = PBXFileReference; fileEncoding = 4; lastKnownFileType = sourcecode.swift; path = ReachabilityProvider.swift; sourceTree = "<group>"; };
		71EA0B541E1B2768001B33C6 /* CountryViewer.xcdatamodel */ = {isa = PBXFileReference; lastKnownFileType = wrapper.xcdatamodel; path = CountryViewer.xcdatamodel; sourceTree = "<group>"; };
		71EA0B571E1B27A3001B33C6 /* PersistenceStack.swift */ = {isa = PBXFileReference; fileEncoding = 4; lastKnownFileType = sourcecode.swift; path = PersistenceStack.swift; sourceTree = "<group>"; };
		71EA0B591E1BB022001B33C6 /* Manageable.swift */ = {isa = PBXFileReference; fileEncoding = 4; lastKnownFileType = sourcecode.swift; path = Manageable.swift; sourceTree = "<group>"; };
		71EA0B5B1E1BB17C001B33C6 /* PersistenceManager.swift */ = {isa = PBXFileReference; fileEncoding = 4; lastKnownFileType = sourcecode.swift; path = PersistenceManager.swift; sourceTree = "<group>"; };
		71EA0B5D1E1BB1DB001B33C6 /* RequestBuilder.swift */ = {isa = PBXFileReference; fileEncoding = 4; lastKnownFileType = sourcecode.swift; path = RequestBuilder.swift; sourceTree = "<group>"; };
		71EA0B5F1E1BB313001B33C6 /* PersisteceManagerSingletonWrapper.swift */ = {isa = PBXFileReference; fileEncoding = 4; lastKnownFileType = sourcecode.swift; path = PersisteceManagerSingletonWrapper.swift; sourceTree = "<group>"; };
		71EA0B611E1BB585001B33C6 /* CountryMO+CoreDataClass.swift */ = {isa = PBXFileReference; fileEncoding = 4; lastKnownFileType = sourcecode.swift; path = "CountryMO+CoreDataClass.swift"; sourceTree = "<group>"; };
		71EA0B621E1BB585001B33C6 /* CountryMO+CoreDataProperties.swift */ = {isa = PBXFileReference; fileEncoding = 4; lastKnownFileType = sourcecode.swift; path = "CountryMO+CoreDataProperties.swift"; sourceTree = "<group>"; };
		71EA0B631E1BB585001B33C6 /* DomainMO+CoreDataClass.swift */ = {isa = PBXFileReference; fileEncoding = 4; lastKnownFileType = sourcecode.swift; path = "DomainMO+CoreDataClass.swift"; sourceTree = "<group>"; };
		71EA0B641E1BB585001B33C6 /* DomainMO+CoreDataProperties.swift */ = {isa = PBXFileReference; fileEncoding = 4; lastKnownFileType = sourcecode.swift; path = "DomainMO+CoreDataProperties.swift"; sourceTree = "<group>"; };
		71EA0B6A1E1BB776001B33C6 /* CountriesProvider.swift */ = {isa = PBXFileReference; fileEncoding = 4; lastKnownFileType = sourcecode.swift; path = CountriesProvider.swift; sourceTree = "<group>"; };
		9EC4E8B8C1DA1CB31E398AC9 /* Pods-CountryViewer.debug.xcconfig */ = {isa = PBXFileReference; includeInIndex = 1; lastKnownFileType = text.xcconfig; name = "Pods-CountryViewer.debug.xcconfig"; path = "Pods/Target Support Files/Pods-CountryViewer/Pods-CountryViewer.debug.xcconfig"; sourceTree = "<group>"; };
		A717AA3CF0E40A5B7B841790 /* Pods-CountryViewer-CountryViewerUITests.release.xcconfig */ = {isa = PBXFileReference; includeInIndex = 1; lastKnownFileType = text.xcconfig; name = "Pods-CountryViewer-CountryViewerUITests.release.xcconfig"; path = "Pods/Target Support Files/Pods-CountryViewer-CountryViewerUITests/Pods-CountryViewer-CountryViewerUITests.release.xcconfig"; sourceTree = "<group>"; };
		EF4B2A04D3D969199DEC05D7 /* Pods_CountryViewer_CountryViewerUITests.framework */ = {isa = PBXFileReference; explicitFileType = wrapper.framework; includeInIndex = 0; path = Pods_CountryViewer_CountryViewerUITests.framework; sourceTree = BUILT_PRODUCTS_DIR; };
/* End PBXFileReference section */

/* Begin PBXFrameworksBuildPhase section */
		71258EEB1DF1E135002E0D8A /* Frameworks */ = {
			isa = PBXFrameworksBuildPhase;
			buildActionMask = 2147483647;
			files = (
				AFCB2E491D4C4C7DC00E40D3 /* Pods_CountryViewer.framework in Frameworks */,
			);
			runOnlyForDeploymentPostprocessing = 0;
		};
		71258EFF1DF1E135002E0D8A /* Frameworks */ = {
			isa = PBXFrameworksBuildPhase;
			buildActionMask = 2147483647;
			files = (
				E13056A65DCA95133099B129 /* Pods_CountryViewer_CountryViewerTests.framework in Frameworks */,
			);
			runOnlyForDeploymentPostprocessing = 0;
		};
/* End PBXFrameworksBuildPhase section */

/* Begin PBXGroup section */
		29D2542E6ACE0E6763828584 /* Frameworks */ = {
			isa = PBXGroup;
			children = (
				522FE21061AC8D1B5D30D7B5 /* Pods_CountryViewer.framework */,
				26DEBC6A830F5C4507C1683A /* Pods_CountryViewer_CountryViewerTests.framework */,
				EF4B2A04D3D969199DEC05D7 /* Pods_CountryViewer_CountryViewerUITests.framework */,
			);
			name = Frameworks;
			sourceTree = "<group>";
		};
		2F8560715E5792A10017D7B9 /* Pods */ = {
			isa = PBXGroup;
			children = (
				9EC4E8B8C1DA1CB31E398AC9 /* Pods-CountryViewer.debug.xcconfig */,
				5B129EBD32DACBD0CA534C49 /* Pods-CountryViewer.release.xcconfig */,
				29236DD8B6123F805EB315E1 /* Pods-CountryViewer-CountryViewerTests.debug.xcconfig */,
				62A7A3C4FDBF33851511CC9D /* Pods-CountryViewer-CountryViewerTests.release.xcconfig */,
				067C6F3ACE7E931EFD70A11E /* Pods-CountryViewer-CountryViewerUITests.debug.xcconfig */,
				A717AA3CF0E40A5B7B841790 /* Pods-CountryViewer-CountryViewerUITests.release.xcconfig */,
			);
			name = Pods;
			sourceTree = "<group>";
		};
		71258EE51DF1E135002E0D8A = {
			isa = PBXGroup;
			children = (
				71258EF01DF1E135002E0D8A /* CountryViewer */,
				71258F051DF1E135002E0D8A /* CountryViewerTests */,
				71258EEF1DF1E135002E0D8A /* Products */,
				2F8560715E5792A10017D7B9 /* Pods */,
				29D2542E6ACE0E6763828584 /* Frameworks */,
			);
			sourceTree = "<group>";
		};
		71258EEF1DF1E135002E0D8A /* Products */ = {
			isa = PBXGroup;
			children = (
				71258EEE1DF1E135002E0D8A /* CountryViewer.app */,
				71258F021DF1E135002E0D8A /* CountryViewerTests.xctest */,
			);
			name = Products;
			sourceTree = "<group>";
		};
		71258EF01DF1E135002E0D8A /* CountryViewer */ = {
			isa = PBXGroup;
			children = (
				71258EF11DF1E135002E0D8A /* AppDelegate.swift */,
				71258F231DF1E40F002E0D8A /* Common */,
				71258F211DF1E3E4002E0D8A /* Model */,
				71258F201DF1E383002E0D8A /* ViewModel */,
				71EA0B691E1BB754001B33C6 /* Provider */,
				71258F221DF1E3F5002E0D8A /* Service */,
				71EA0B561E1B2796001B33C6 /* Persistence */,
				71258F2A1DF1E4B1002E0D8A /* View */,
				71258F1F1DF1E331002E0D8A /* ViewController */,
				71258EF81DF1E135002E0D8A /* Assets.xcassets */,
				71EA0B531E1B2768001B33C6 /* CountryViewer.xcdatamodeld */,
				71258EFA1DF1E135002E0D8A /* LaunchScreen.storyboard */,
				71258EFD1DF1E135002E0D8A /* Info.plist */,
			);
			path = CountryViewer;
			sourceTree = "<group>";
		};
		71258F051DF1E135002E0D8A /* CountryViewerTests */ = {
			isa = PBXGroup;
			children = (
				71258F421DF1EA18002E0D8A /* TestCase */,
				71258F451DF1EA87002E0D8A /* FakeObjects */,
				71258F411DF1EA08002E0D8A /* Stubs */,
				71258F061DF1E135002E0D8A /* CountryViewerTests.swift */,
				71258F081DF1E135002E0D8A /* Info.plist */,
			);
			path = CountryViewerTests;
			sourceTree = "<group>";
		};
		71258F1F1DF1E331002E0D8A /* ViewController */ = {
			isa = PBXGroup;
			children = (
				71258F241DF1E42D002E0D8A /* CountriesViewController.swift */,
			);
			path = ViewController;
			sourceTree = "<group>";
		};
		71258F201DF1E383002E0D8A /* ViewModel */ = {
			isa = PBXGroup;
			children = (
				71258F261DF1E454002E0D8A /* CountriesViewModel.swift */,
				71258F281DF1E461002E0D8A /* CountryViewModel.swift */,
			);
			path = ViewModel;
			sourceTree = "<group>";
		};
		71258F211DF1E3E4002E0D8A /* Model */ = {
			isa = PBXGroup;
			children = (
				71EA0B611E1BB585001B33C6 /* CountryMO+CoreDataClass.swift */,
				71EA0B621E1BB585001B33C6 /* CountryMO+CoreDataProperties.swift */,
				71EA0B631E1BB585001B33C6 /* DomainMO+CoreDataClass.swift */,
				71EA0B641E1BB585001B33C6 /* DomainMO+CoreDataProperties.swift */,
			);
			path = Model;
			sourceTree = "<group>";
		};
		71258F221DF1E3F5002E0D8A /* Service */ = {
			isa = PBXGroup;
			children = (
				71258F3F1DF1E8CD002E0D8A /* CountriesService.swift */,
			);
			path = Service;
			sourceTree = "<group>";
		};
		71258F231DF1E40F002E0D8A /* Common */ = {
			isa = PBXGroup;
			children = (
				71258F331DF1E54A002E0D8A /* Result.swift */,
				71258F2F1DF1E519002E0D8A /* JsonInitiable.swift */,
				71258F311DF1E53B002E0D8A /* Typealiases.swift */,
				71258F351DF1E55E002E0D8A /* Style.swift */,
				71258F371DF1E583002E0D8A /* Router.swift */,
				71258F391DF1E595002E0D8A /* Constants.swift */,
				71258F3B1DF1E5A5002E0D8A /* CustomError.swift */,
				71258F3D1DF1E5B3002E0D8A /* Extensions.swift */,
				71EA0B511E1B2717001B33C6 /* ReachabilityProvider.swift */,
			);
			path = Common;
			sourceTree = "<group>";
		};
		71258F2A1DF1E4B1002E0D8A /* View */ = {
			isa = PBXGroup;
			children = (
				71258F2B1DF1E4CD002E0D8A /* CountryTableViewCell.swift */,
			);
			path = View;
			sourceTree = "<group>";
		};
		71258F411DF1EA08002E0D8A /* Stubs */ = {
			isa = PBXGroup;
			children = (
				71258F4E1DF1EB64002E0D8A /* cam.json */,
				71258F521DF1EB7A002E0D8A /* usa.json */,
				71258F501DF1EB71002E0D8A /* germany.json */,
			);
			path = Stubs;
			sourceTree = "<group>";
		};
		71258F421DF1EA18002E0D8A /* TestCase */ = {
			isa = PBXGroup;
			children = (
				71258F431DF1EA32002E0D8A /* TestCase.swift */,
				71258F481DF1EAFC002E0D8A /* CountriesVewModelTests.swift */,
				71258F4A1DF1EB2E002E0D8A /* CountriesViewControllerTests.swift */,
				71258F4C1DF1EB4D002E0D8A /* CountryViewModelTests.swift */,
			);
			path = TestCase;
			sourceTree = "<group>";
		};
		71258F451DF1EA87002E0D8A /* FakeObjects */ = {
			isa = PBXGroup;
			children = (
				71258F461DF1EAA1002E0D8A /* FakeCountriesService.swift */,
			);
			path = FakeObjects;
			sourceTree = "<group>";
		};
		71EA0B561E1B2796001B33C6 /* Persistence */ = {
			isa = PBXGroup;
			children = (
				71EA0B591E1BB022001B33C6 /* Manageable.swift */,
				71EA0B571E1B27A3001B33C6 /* PersistenceStack.swift */,
				71EA0B5B1E1BB17C001B33C6 /* PersistenceManager.swift */,
				71EA0B5D1E1BB1DB001B33C6 /* RequestBuilder.swift */,
				71EA0B5F1E1BB313001B33C6 /* PersisteceManagerSingletonWrapper.swift */,
			);
			path = Persistence;
			sourceTree = "<group>";
		};
		71EA0B691E1BB754001B33C6 /* Provider */ = {
			isa = PBXGroup;
			children = (
				71EA0B6A1E1BB776001B33C6 /* CountriesProvider.swift */,
			);
			path = Provider;
			sourceTree = "<group>";
		};
/* End PBXGroup section */

/* Begin PBXNativeTarget section */
		71258EED1DF1E135002E0D8A /* CountryViewer */ = {
			isa = PBXNativeTarget;
			buildConfigurationList = 71258F161DF1E135002E0D8A /* Build configuration list for PBXNativeTarget "CountryViewer" */;
			buildPhases = (
				C0BDAC0243DC81C070CE8592 /* [CP] Check Pods Manifest.lock */,
				71258EEA1DF1E135002E0D8A /* Sources */,
				71258EEB1DF1E135002E0D8A /* Frameworks */,
				71258EEC1DF1E135002E0D8A /* Resources */,
				F8E87BCD7D6F553249AD9287 /* [CP] Embed Pods Frameworks */,
				A9CC7D79EC3FB597C6409426 /* [CP] Copy Pods Resources */,
			);
			buildRules = (
			);
			dependencies = (
			);
			name = CountryViewer;
			productName = CountryViewer;
			productReference = 71258EEE1DF1E135002E0D8A /* CountryViewer.app */;
			productType = "com.apple.product-type.application";
		};
		71258F011DF1E135002E0D8A /* CountryViewerTests */ = {
			isa = PBXNativeTarget;
			buildConfigurationList = 71258F191DF1E135002E0D8A /* Build configuration list for PBXNativeTarget "CountryViewerTests" */;
			buildPhases = (
				215F223F13B3AEA503D0BFA3 /* [CP] Check Pods Manifest.lock */,
				71258EFE1DF1E135002E0D8A /* Sources */,
				71258EFF1DF1E135002E0D8A /* Frameworks */,
				71258F001DF1E135002E0D8A /* Resources */,
				680C245BA3214B45A10922DC /* [CP] Embed Pods Frameworks */,
				5EEA618F4CEE0B3F229FF7C8 /* [CP] Copy Pods Resources */,
			);
			buildRules = (
			);
			dependencies = (
				71258F041DF1E135002E0D8A /* PBXTargetDependency */,
			);
			name = CountryViewerTests;
			productName = CountryViewerTests;
			productReference = 71258F021DF1E135002E0D8A /* CountryViewerTests.xctest */;
			productType = "com.apple.product-type.bundle.unit-test";
		};
/* End PBXNativeTarget section */

/* Begin PBXProject section */
		71258EE61DF1E135002E0D8A /* Project object */ = {
			isa = PBXProject;
			attributes = {
				LastSwiftUpdateCheck = 0800;
				LastUpgradeCheck = 0800;
				ORGANIZATIONNAME = KonradDawid;
				TargetAttributes = {
					71258EED1DF1E135002E0D8A = {
						CreatedOnToolsVersion = 8.0;
						ProvisioningStyle = Automatic;
					};
					71258F011DF1E135002E0D8A = {
						CreatedOnToolsVersion = 8.0;
						ProvisioningStyle = Automatic;
						TestTargetID = 71258EED1DF1E135002E0D8A;
					};
				};
			};
			buildConfigurationList = 71258EE91DF1E135002E0D8A /* Build configuration list for PBXProject "CountryViewer" */;
			compatibilityVersion = "Xcode 3.2";
			developmentRegion = English;
			hasScannedForEncodings = 0;
			knownRegions = (
				en,
				Base,
			);
			mainGroup = 71258EE51DF1E135002E0D8A;
			productRefGroup = 71258EEF1DF1E135002E0D8A /* Products */;
			projectDirPath = "";
			projectRoot = "";
			targets = (
				71258EED1DF1E135002E0D8A /* CountryViewer */,
				71258F011DF1E135002E0D8A /* CountryViewerTests */,
			);
		};
/* End PBXProject section */

/* Begin PBXResourcesBuildPhase section */
		71258EEC1DF1E135002E0D8A /* Resources */ = {
			isa = PBXResourcesBuildPhase;
			buildActionMask = 2147483647;
			files = (
				71258EFC1DF1E135002E0D8A /* LaunchScreen.storyboard in Resources */,
				71258EF91DF1E135002E0D8A /* Assets.xcassets in Resources */,
			);
			runOnlyForDeploymentPostprocessing = 0;
		};
		71258F001DF1E135002E0D8A /* Resources */ = {
			isa = PBXResourcesBuildPhase;
			buildActionMask = 2147483647;
			files = (
				71258F4F1DF1EB64002E0D8A /* cam.json in Resources */,
				71258F511DF1EB71002E0D8A /* germany.json in Resources */,
				71258F531DF1EB7A002E0D8A /* usa.json in Resources */,
			);
			runOnlyForDeploymentPostprocessing = 0;
		};
/* End PBXResourcesBuildPhase section */

/* Begin PBXShellScriptBuildPhase section */
		215F223F13B3AEA503D0BFA3 /* [CP] Check Pods Manifest.lock */ = {
			isa = PBXShellScriptBuildPhase;
			buildActionMask = 2147483647;
			files = (
			);
			inputPaths = (
			);
			name = "[CP] Check Pods Manifest.lock";
			outputPaths = (
			);
			runOnlyForDeploymentPostprocessing = 0;
			shellPath = /bin/sh;
			shellScript = "diff \"${PODS_ROOT}/../Podfile.lock\" \"${PODS_ROOT}/Manifest.lock\" > /dev/null\nif [ $? != 0 ] ; then\n    # print error to STDERR\n    echo \"error: The sandbox is not in sync with the Podfile.lock. Run 'pod install' or update your CocoaPods installation.\" >&2\n    exit 1\nfi\n";
			showEnvVarsInLog = 0;
		};
		5EEA618F4CEE0B3F229FF7C8 /* [CP] Copy Pods Resources */ = {
			isa = PBXShellScriptBuildPhase;
			buildActionMask = 2147483647;
			files = (
			);
			inputPaths = (
			);
			name = "[CP] Copy Pods Resources";
			outputPaths = (
			);
			runOnlyForDeploymentPostprocessing = 0;
			shellPath = /bin/sh;
			shellScript = "\"${SRCROOT}/Pods/Target Support Files/Pods-CountryViewer-CountryViewerTests/Pods-CountryViewer-CountryViewerTests-resources.sh\"\n";
			showEnvVarsInLog = 0;
		};
		680C245BA3214B45A10922DC /* [CP] Embed Pods Frameworks */ = {
			isa = PBXShellScriptBuildPhase;
			buildActionMask = 2147483647;
			files = (
			);
			inputPaths = (
			);
			name = "[CP] Embed Pods Frameworks";
			outputPaths = (
			);
			runOnlyForDeploymentPostprocessing = 0;
			shellPath = /bin/sh;
			shellScript = "\"${SRCROOT}/Pods/Target Support Files/Pods-CountryViewer-CountryViewerTests/Pods-CountryViewer-CountryViewerTests-frameworks.sh\"\n";
			showEnvVarsInLog = 0;
		};
		A9CC7D79EC3FB597C6409426 /* [CP] Copy Pods Resources */ = {
			isa = PBXShellScriptBuildPhase;
			buildActionMask = 2147483647;
			files = (
			);
			inputPaths = (
			);
			name = "[CP] Copy Pods Resources";
			outputPaths = (
			);
			runOnlyForDeploymentPostprocessing = 0;
			shellPath = /bin/sh;
			shellScript = "\"${SRCROOT}/Pods/Target Support Files/Pods-CountryViewer/Pods-CountryViewer-resources.sh\"\n";
			showEnvVarsInLog = 0;
		};
		C0BDAC0243DC81C070CE8592 /* [CP] Check Pods Manifest.lock */ = {
			isa = PBXShellScriptBuildPhase;
			buildActionMask = 2147483647;
			files = (
			);
			inputPaths = (
			);
			name = "[CP] Check Pods Manifest.lock";
			outputPaths = (
			);
			runOnlyForDeploymentPostprocessing = 0;
			shellPath = /bin/sh;
			shellScript = "diff \"${PODS_ROOT}/../Podfile.lock\" \"${PODS_ROOT}/Manifest.lock\" > /dev/null\nif [ $? != 0 ] ; then\n    # print error to STDERR\n    echo \"error: The sandbox is not in sync with the Podfile.lock. Run 'pod install' or update your CocoaPods installation.\" >&2\n    exit 1\nfi\n";
			showEnvVarsInLog = 0;
		};
		F8E87BCD7D6F553249AD9287 /* [CP] Embed Pods Frameworks */ = {
			isa = PBXShellScriptBuildPhase;
			buildActionMask = 2147483647;
			files = (
			);
			inputPaths = (
			);
			name = "[CP] Embed Pods Frameworks";
			outputPaths = (
			);
			runOnlyForDeploymentPostprocessing = 0;
			shellPath = /bin/sh;
			shellScript = "\"${SRCROOT}/Pods/Target Support Files/Pods-CountryViewer/Pods-CountryViewer-frameworks.sh\"\n";
			showEnvVarsInLog = 0;
		};
/* End PBXShellScriptBuildPhase section */

/* Begin PBXSourcesBuildPhase section */
		71258EEA1DF1E135002E0D8A /* Sources */ = {
			isa = PBXSourcesBuildPhase;
			buildActionMask = 2147483647;
			files = (
				71EA0B5E1E1BB1DB001B33C6 /* RequestBuilder.swift in Sources */,
				71258F381DF1E583002E0D8A /* Router.swift in Sources */,
				71EA0B551E1B2768001B33C6 /* CountryViewer.xcdatamodeld in Sources */,
				71EA0B521E1B2717001B33C6 /* ReachabilityProvider.swift in Sources */,
				71258F341DF1E54A002E0D8A /* Result.swift in Sources */,
				71258F3C1DF1E5A5002E0D8A /* CustomError.swift in Sources */,
				71258F321DF1E53B002E0D8A /* Typealiases.swift in Sources */,
				71258F271DF1E454002E0D8A /* CountriesViewModel.swift in Sources */,
				71EA0B661E1BB585001B33C6 /* CountryMO+CoreDataProperties.swift in Sources */,
				71EA0B651E1BB585001B33C6 /* CountryMO+CoreDataClass.swift in Sources */,
				71258F291DF1E461002E0D8A /* CountryViewModel.swift in Sources */,
				71EA0B5A1E1BB022001B33C6 /* Manageable.swift in Sources */,
				71EA0B581E1B27A3001B33C6 /* PersistenceStack.swift in Sources */,
				71EA0B6B1E1BB776001B33C6 /* CountriesProvider.swift in Sources */,
				71258EF21DF1E135002E0D8A /* AppDelegate.swift in Sources */,
				71EA0B5C1E1BB17C001B33C6 /* PersistenceManager.swift in Sources */,
				71258F251DF1E42D002E0D8A /* CountriesViewController.swift in Sources */,
				71258F301DF1E519002E0D8A /* JsonInitiable.swift in Sources */,
				71258F2C1DF1E4CD002E0D8A /* CountryTableViewCell.swift in Sources */,
				71258F361DF1E55E002E0D8A /* Style.swift in Sources */,
				71EA0B681E1BB585001B33C6 /* DomainMO+CoreDataProperties.swift in Sources */,
				71EA0B601E1BB313001B33C6 /* PersisteceManagerSingletonWrapper.swift in Sources */,
				71258F3A1DF1E595002E0D8A /* Constants.swift in Sources */,
				71258F401DF1E8CD002E0D8A /* CountriesService.swift in Sources */,
				71258F3E1DF1E5B3002E0D8A /* Extensions.swift in Sources */,
				71EA0B671E1BB585001B33C6 /* DomainMO+CoreDataClass.swift in Sources */,
			);
			runOnlyForDeploymentPostprocessing = 0;
		};
		71258EFE1DF1E135002E0D8A /* Sources */ = {
			isa = PBXSourcesBuildPhase;
			buildActionMask = 2147483647;
			files = (
				71258F471DF1EAA1002E0D8A /* FakeCountriesService.swift in Sources */,
				71258F4D1DF1EB4D002E0D8A /* CountryViewModelTests.swift in Sources */,
				71258F4B1DF1EB2E002E0D8A /* CountriesViewControllerTests.swift in Sources */,
				71258F491DF1EAFC002E0D8A /* CountriesVewModelTests.swift in Sources */,
				71258F071DF1E135002E0D8A /* CountryViewerTests.swift in Sources */,
				71258F441DF1EA32002E0D8A /* TestCase.swift in Sources */,
			);
			runOnlyForDeploymentPostprocessing = 0;
		};
/* End PBXSourcesBuildPhase section */

/* Begin PBXTargetDependency section */
		71258F041DF1E135002E0D8A /* PBXTargetDependency */ = {
			isa = PBXTargetDependency;
			target = 71258EED1DF1E135002E0D8A /* CountryViewer */;
			targetProxy = 71258F031DF1E135002E0D8A /* PBXContainerItemProxy */;
		};
/* End PBXTargetDependency section */

/* Begin PBXVariantGroup section */
		71258EFA1DF1E135002E0D8A /* LaunchScreen.storyboard */ = {
			isa = PBXVariantGroup;
			children = (
				71258EFB1DF1E135002E0D8A /* Base */,
			);
			name = LaunchScreen.storyboard;
			sourceTree = "<group>";
		};
/* End PBXVariantGroup section */

/* Begin XCBuildConfiguration section */
		71258F141DF1E135002E0D8A /* Debug */ = {
			isa = XCBuildConfiguration;
			buildSettings = {
				ALWAYS_SEARCH_USER_PATHS = NO;
				CLANG_ANALYZER_NONNULL = YES;
				CLANG_CXX_LANGUAGE_STANDARD = "gnu++0x";
				CLANG_CXX_LIBRARY = "libc++";
				CLANG_ENABLE_MODULES = YES;
				CLANG_ENABLE_OBJC_ARC = YES;
				CLANG_WARN_BOOL_CONVERSION = YES;
				CLANG_WARN_CONSTANT_CONVERSION = YES;
				CLANG_WARN_DIRECT_OBJC_ISA_USAGE = YES_ERROR;
				CLANG_WARN_DOCUMENTATION_COMMENTS = YES;
				CLANG_WARN_EMPTY_BODY = YES;
				CLANG_WARN_ENUM_CONVERSION = YES;
				CLANG_WARN_INFINITE_RECURSION = YES;
				CLANG_WARN_INT_CONVERSION = YES;
				CLANG_WARN_OBJC_ROOT_CLASS = YES_ERROR;
				CLANG_WARN_SUSPICIOUS_MOVES = YES;
				CLANG_WARN_UNREACHABLE_CODE = YES;
				CLANG_WARN__DUPLICATE_METHOD_MATCH = YES;
				"CODE_SIGN_IDENTITY[sdk=iphoneos*]" = "iPhone Developer";
				COPY_PHASE_STRIP = NO;
				DEBUG_INFORMATION_FORMAT = dwarf;
				ENABLE_STRICT_OBJC_MSGSEND = YES;
				ENABLE_TESTABILITY = YES;
				GCC_C_LANGUAGE_STANDARD = gnu99;
				GCC_DYNAMIC_NO_PIC = NO;
				GCC_NO_COMMON_BLOCKS = YES;
				GCC_OPTIMIZATION_LEVEL = 0;
				GCC_PREPROCESSOR_DEFINITIONS = (
					"DEBUG=1",
					"$(inherited)",
				);
				GCC_WARN_64_TO_32_BIT_CONVERSION = YES;
				GCC_WARN_ABOUT_RETURN_TYPE = YES_ERROR;
				GCC_WARN_UNDECLARED_SELECTOR = YES;
				GCC_WARN_UNINITIALIZED_AUTOS = YES_AGGRESSIVE;
				GCC_WARN_UNUSED_FUNCTION = YES;
				GCC_WARN_UNUSED_VARIABLE = YES;
				IPHONEOS_DEPLOYMENT_TARGET = 10.0;
				MTL_ENABLE_DEBUG_INFO = YES;
				ONLY_ACTIVE_ARCH = YES;
				SDKROOT = iphoneos;
				SWIFT_ACTIVE_COMPILATION_CONDITIONS = DEBUG;
				SWIFT_OPTIMIZATION_LEVEL = "-Onone";
			};
			name = Debug;
		};
		71258F151DF1E135002E0D8A /* Release */ = {
			isa = XCBuildConfiguration;
			buildSettings = {
				ALWAYS_SEARCH_USER_PATHS = NO;
				CLANG_ANALYZER_NONNULL = YES;
				CLANG_CXX_LANGUAGE_STANDARD = "gnu++0x";
				CLANG_CXX_LIBRARY = "libc++";
				CLANG_ENABLE_MODULES = YES;
				CLANG_ENABLE_OBJC_ARC = YES;
				CLANG_WARN_BOOL_CONVERSION = YES;
				CLANG_WARN_CONSTANT_CONVERSION = YES;
				CLANG_WARN_DIRECT_OBJC_ISA_USAGE = YES_ERROR;
				CLANG_WARN_DOCUMENTATION_COMMENTS = YES;
				CLANG_WARN_EMPTY_BODY = YES;
				CLANG_WARN_ENUM_CONVERSION = YES;
				CLANG_WARN_INFINITE_RECURSION = YES;
				CLANG_WARN_INT_CONVERSION = YES;
				CLANG_WARN_OBJC_ROOT_CLASS = YES_ERROR;
				CLANG_WARN_SUSPICIOUS_MOVES = YES;
				CLANG_WARN_UNREACHABLE_CODE = YES;
				CLANG_WARN__DUPLICATE_METHOD_MATCH = YES;
				"CODE_SIGN_IDENTITY[sdk=iphoneos*]" = "iPhone Developer";
				COPY_PHASE_STRIP = NO;
				DEBUG_INFORMATION_FORMAT = "dwarf-with-dsym";
				ENABLE_NS_ASSERTIONS = NO;
				ENABLE_STRICT_OBJC_MSGSEND = YES;
				GCC_C_LANGUAGE_STANDARD = gnu99;
				GCC_NO_COMMON_BLOCKS = YES;
				GCC_WARN_64_TO_32_BIT_CONVERSION = YES;
				GCC_WARN_ABOUT_RETURN_TYPE = YES_ERROR;
				GCC_WARN_UNDECLARED_SELECTOR = YES;
				GCC_WARN_UNINITIALIZED_AUTOS = YES_AGGRESSIVE;
				GCC_WARN_UNUSED_FUNCTION = YES;
				GCC_WARN_UNUSED_VARIABLE = YES;
				IPHONEOS_DEPLOYMENT_TARGET = 10.0;
				MTL_ENABLE_DEBUG_INFO = NO;
				SDKROOT = iphoneos;
				SWIFT_OPTIMIZATION_LEVEL = "-Owholemodule";
				VALIDATE_PRODUCT = YES;
			};
			name = Release;
		};
		71258F171DF1E135002E0D8A /* Debug */ = {
			isa = XCBuildConfiguration;
			baseConfigurationReference = 9EC4E8B8C1DA1CB31E398AC9 /* Pods-CountryViewer.debug.xcconfig */;
			buildSettings = {
				ASSETCATALOG_COMPILER_APPICON_NAME = AppIcon;
				INFOPLIST_FILE = CountryViewer/Info.plist;
				LD_RUNPATH_SEARCH_PATHS = "$(inherited) @executable_path/Frameworks";
				PRODUCT_BUNDLE_IDENTIFIER = KonradDawid.CountryViewer;
				PRODUCT_NAME = "$(TARGET_NAME)";
				SWIFT_VERSION = 3.0;
			};
			name = Debug;
		};
		71258F181DF1E135002E0D8A /* Release */ = {
			isa = XCBuildConfiguration;
			baseConfigurationReference = 5B129EBD32DACBD0CA534C49 /* Pods-CountryViewer.release.xcconfig */;
			buildSettings = {
				ASSETCATALOG_COMPILER_APPICON_NAME = AppIcon;
				INFOPLIST_FILE = CountryViewer/Info.plist;
				LD_RUNPATH_SEARCH_PATHS = "$(inherited) @executable_path/Frameworks";
				PRODUCT_BUNDLE_IDENTIFIER = KonradDawid.CountryViewer;
				PRODUCT_NAME = "$(TARGET_NAME)";
				SWIFT_VERSION = 3.0;
			};
			name = Release;
		};
		71258F1A1DF1E135002E0D8A /* Debug */ = {
			isa = XCBuildConfiguration;
			baseConfigurationReference = 29236DD8B6123F805EB315E1 /* Pods-CountryViewer-CountryViewerTests.debug.xcconfig */;
			buildSettings = {
				ALWAYS_EMBED_SWIFT_STANDARD_LIBRARIES = YES;
				BUNDLE_LOADER = "$(TEST_HOST)";
				INFOPLIST_FILE = CountryViewerTests/Info.plist;
				LD_RUNPATH_SEARCH_PATHS = "$(inherited) @executable_path/Frameworks @loader_path/Frameworks";
				PRODUCT_BUNDLE_IDENTIFIER = KonradDawid.CountryViewerTests;
				PRODUCT_NAME = "$(TARGET_NAME)";
				SWIFT_VERSION = 3.0;
				TEST_HOST = "$(BUILT_PRODUCTS_DIR)/CountryViewer.app/CountryViewer";
			};
			name = Debug;
		};
		71258F1B1DF1E135002E0D8A /* Release */ = {
			isa = XCBuildConfiguration;
			baseConfigurationReference = 62A7A3C4FDBF33851511CC9D /* Pods-CountryViewer-CountryViewerTests.release.xcconfig */;
			buildSettings = {
				ALWAYS_EMBED_SWIFT_STANDARD_LIBRARIES = YES;
				BUNDLE_LOADER = "$(TEST_HOST)";
				INFOPLIST_FILE = CountryViewerTests/Info.plist;
				LD_RUNPATH_SEARCH_PATHS = "$(inherited) @executable_path/Frameworks @loader_path/Frameworks";
				PRODUCT_BUNDLE_IDENTIFIER = KonradDawid.CountryViewerTests;
				PRODUCT_NAME = "$(TARGET_NAME)";
				SWIFT_VERSION = 3.0;
				TEST_HOST = "$(BUILT_PRODUCTS_DIR)/CountryViewer.app/CountryViewer";
			};
			name = Release;
		};
/* End XCBuildConfiguration section */

/* Begin XCConfigurationList section */
		71258EE91DF1E135002E0D8A /* Build configuration list for PBXProject "CountryViewer" */ = {
			isa = XCConfigurationList;
			buildConfigurations = (
				71258F141DF1E135002E0D8A /* Debug */,
				71258F151DF1E135002E0D8A /* Release */,
			);
			defaultConfigurationIsVisible = 0;
			defaultConfigurationName = Release;
		};
		71258F161DF1E135002E0D8A /* Build configuration list for PBXNativeTarget "CountryViewer" */ = {
			isa = XCConfigurationList;
			buildConfigurations = (
				71258F171DF1E135002E0D8A /* Debug */,
				71258F181DF1E135002E0D8A /* Release */,
			);
			defaultConfigurationIsVisible = 0;
			defaultConfigurationName = Release;
		};
		71258F191DF1E135002E0D8A /* Build configuration list for PBXNativeTarget "CountryViewerTests" */ = {
			isa = XCConfigurationList;
			buildConfigurations = (
				71258F1A1DF1E135002E0D8A /* Debug */,
				71258F1B1DF1E135002E0D8A /* Release */,
			);
			defaultConfigurationIsVisible = 0;
			defaultConfigurationName = Release;
		};
/* End XCConfigurationList section */

/* Begin XCVersionGroup section */
		71EA0B531E1B2768001B33C6 /* CountryViewer.xcdatamodeld */ = {
			isa = XCVersionGroup;
			children = (
				71EA0B541E1B2768001B33C6 /* CountryViewer.xcdatamodel */,
			);
			currentVersion = 71EA0B541E1B2768001B33C6 /* CountryViewer.xcdatamodel */;
			path = CountryViewer.xcdatamodeld;
			sourceTree = "<group>";
			versionGroupType = wrapper.xcdatamodel;
		};
/* End XCVersionGroup section */
	};
	rootObject = 71258EE61DF1E135002E0D8A /* Project object */;
}
